# OCI bases are pinned by immutable linux/amd64 digest.
BUN_IMAGE=oven/bun@sha256:5ff609364c049b54eb0ff560ec96319729a972078ef2c755d758f0c6ef89c2d6
# PostgreSQL 16 Alpine resolved index sha256:cf78e76683b9ca8c5733cbbdce6c9262b45b6767934dd0a95e671f9a0fc20685; linux/amd64 child below.
POSTGRES_IMAGE=postgres@sha256:075f7ba66bc9b3ce7d6b8b635208ff61cd7cf1a67d71ec530eec5d7ae0cbe571
